
Microsoft Visual Studio Solution File, Format Version 12.00
# Visual Studio Version 16
VisualStudioVersion = 25.0.1706.8
MinimumVisualStudioVersion = 10.0.40219.1
Project("{FAE04EC0-301F-11D3-BF4B-00C04F79EFBC}") = "CorsConfigurations", "CorsConfigurations\CorsConfigurations.csproj", "{7600052E-65AB-4C89-8849-57009C26FE9B}"
EndProject
Global
	GlobalSection(SolutionConfigurationPlatforms) = preSolution
		Debug|Any CPU = Debug|Any CPU
		Release|Any CPU = Release|Any CPU
	EndGlobalSection
	GlobalSection(ProjectConfigurationPlatforms) = postSolution
		{7600052E-65AB-4C89-8849-57009C26FE9B}.Debug|Any CPU.ActiveCfg = Debug|Any CPU
		{7600052E-65AB-4C89-8849-57009C26FE9B}.Debug|Any CPU.Build.0 = Debug|Any CPU
		{7600052E-65AB-4C89-8849-57009C26FE9B}.Release|Any CPU.ActiveCfg = Release|Any CPU
		{7600052E-65AB-4C89-8849-57009C26FE9B}.Release|Any CPU.Build.0 = Release|Any CPU
	EndGlobalSection
	GlobalSection(SolutionProperties) = preSolution
		HideSolutionNode = FALSE
	EndGlobalSection
	GlobalSection(ExtensibilityGlobals) = postSolution
		SolutionGuid = {D83A6A53-9AF6-4FE0-BF2B-B727FC60BAA3}
	EndGlobalSection
EndGlobal
